<Solution>
  <Folder Name="/Solution Items/">
    <File Path="CHANGELOG.md" />
    <File Path="CLAUDE.md" />
    <File Path="CONTRIBUTING.md" />
    <File Path="Directory.Build.props" />
    <File Path="Directory.Packages.props" />
    <File Path="global.json" />
    <File Path="IMPROVEMENTS.md" />
    <File Path="LICENSE" />
    <File Path="NUGET_README.md" />
    <File Path="README.md" />
    <File Path="RELEASING.md" />
    <File Path="SECURITY.md" />
  </Folder>
  <Folder Name="/src/">
    <Project Path="src/TerseSharp.Core/TerseSharp.Core.csproj" />
    <Project Path="src/TerseSharp.Server/TerseSharp.Server.csproj" />
  </Folder>
  <Folder Name="/tests/">
    <Project Path="tests/TerseSharp.E2ETests/TerseSharp.E2ETests.csproj" />
    <Project Path="tests/TerseSharp.UnitTests/TerseSharp.UnitTests.csproj" />
  </Folder>
</Solution>
